PODS:
  - BSGridCollectionViewLayout (1.2.5)
  - BSImagePicker (2.10.3):
    - BSGridCollectionViewLayout (= 1.2.5)
    - BSImageView (= 1.0.3)
  - BSImageView (1.0.3)
  - Flutter (1.0.0)
  - flutter_storage_path (0.0.1):
    - Flutter
  - multi_image_picker (4.8.00):
    - BSImagePicker (~> 2.10.3)
    - Flutter
  - photo_manager (2.0.0):
    - Flutter
    - FlutterMacOS

DEPENDENCIES:
  - Flutter (from `Flutter`)
  - flutter_storage_path (from `.symlinks/plugins/flutter_storage_path/ios`)
  - multi_image_picker (from `.symlinks/plugins/multi_image_picker/ios`)
  - photo_manager (from `.symlinks/plugins/photo_manager/ios`)

SPEC REPOS:
  trunk:
    - BSGridCollectionViewLayout
    - BSImagePicker
    - BSImageView

EXTERNAL SOURCES:
  Flutter:
    :path: Flutter
  flutter_storage_path:
    :path: ".symlinks/plugins/flutter_storage_path/ios"
  multi_image_picker:
    :path: ".symlinks/plugins/multi_image_picker/ios"
  photo_manager:
    :path: ".symlinks/plugins/photo_manager/ios"

SPEC CHECKSUMS:
  BSGridCollectionViewLayout: 333dcb457a5a3bdd9212607ab5756553dcfe06cb
  BSImagePicker: 07404254f2fcdaf5a2eb403c0f8c337267ce8738
  BSImageView: a149459433a2687157d034c78e059d30ac7f2544
  Flutter: f04841e97a9d0b0a8025694d0796dd46242b2854
  flutter_storage_path: b24ac562c2d31a2dd933798a5b0207116176c6f7
  multi_image_picker: 443e776a762d7901641854043b60abf88a85d5ef
  photo_manager: 4f6810b7dfc4feb03b461ac1a70dacf91fba7604

PODFILE CHECKSUM: 70d9d25280d0dd177a5f637cdb0f0b0b12c6a189

COCOAPODS: 1.12.1
